
Microsoft Visual Studio Solution File, Format Version 12.00
# Visual Studio Version 17
VisualStudioVersion = 17.13.35931.197 d17.13
MinimumVisualStudioVersion = 10.0.40219.1
Project("{FAE04EC0-301F-11D3-BF4B-00C04F79EFBC}") = "MiniGame", "MiniGame\MiniGame.csproj", "{0215ACF4-67E7-4860-9DEC-71AACB633BFF}"
EndProject
Global
	GlobalSection(SolutionConfigurationPlatforms) = preSolution
		Debug|Any CPU = Debug|Any CPU
		Release|Any CPU = Release|Any CPU
	EndGlobalSection
	GlobalSection(ProjectConfigurationPlatforms) = postSolution
		{0215ACF4-67E7-4860-9DEC-71AACB633BFF}.Debug|Any CPU.ActiveCfg = Debug|Any CPU
		{0215ACF4-67E7-4860-9DEC-71AACB633BFF}.Debug|Any CPU.Build.0 = Debug|Any CPU
		{0215ACF4-67E7-4860-9DEC-71AACB633BFF}.Release|Any CPU.ActiveCfg = Release|Any CPU
		{0215ACF4-67E7-4860-9DEC-71AACB633BFF}.Release|Any CPU.Build.0 = Release|Any CPU
	EndGlobalSection
	GlobalSection(SolutionProperties) = preSolution
		HideSolutionNode = FALSE
	EndGlobalSection
	GlobalSection(ExtensibilityGlobals) = postSolution
		SolutionGuid = {B49CA7F7-0DFF-4BB8-91B1-8CFB064F8FBD}
	EndGlobalSection
EndGlobal
